Microsoft Visual Studio Solution File, Format Version 12.00
# Visual Studio Version 17
VisualStudioVersion = 17.5.2.0
MinimumVisualStudioVersion = 10.0.40219.1
Project("{FAE04EC0-301F-11D3-BF4B-00C04F79EFBC}") = "686DP_GUI", "686DP_GUI.csproj", "{39CE5E5D-EFD2-CF94-1046-28C97C0039D9}"
EndProject
Global
	GlobalSection(SolutionConfigurationPlatforms) = preSolution
		Debug|Any CPU = Debug|Any CPU
		Release|Any CPU = Release|Any CPU
	EndGlobalSection
	GlobalSection(ProjectConfigurationPlatforms) = postSolution
		{39CE5E5D-EFD2-CF94-1046-28C97C0039D9}.Debug|Any CPU.ActiveCfg = Debug|Any CPU
		{39CE5E5D-EFD2-CF94-1046-28C97C0039D9}.Debug|Any CPU.Build.0 = Debug|Any CPU
		{39CE5E5D-EFD2-CF94-1046-28C97C0039D9}.Release|Any CPU.ActiveCfg = Release|Any CPU
		{39CE5E5D-EFD2-CF94-1046-28C97C0039D9}.Release|Any CPU.Build.0 = Release|Any CPU
	EndGlobalSection
	GlobalSection(SolutionProperties) = preSolution
		HideSolutionNode = FALSE
	EndGlobalSection
	GlobalSection(ExtensibilityGlobals) = postSolution
		SolutionGuid = {10E8CDBC-4DCA-453C-83ED-9FA057173AC1}
	EndGlobalSection
EndGlobal
