
Microsoft Visual Studio Solution File, Format Version 12.00
# Visual Studio Version 17
VisualStudioVersion = 17.11.35303.130
MinimumVisualStudioVersion = 10.0.40219.1
Project("{FAE04EC0-301F-11D3-BF4B-00C04F79EFBC}") = "686DP_GUI", "AseguraYa\686DP_GUI.csproj", "{AAFDC495-691A-4C30-BEBB-75F6C3FDDA85}"
EndProject
Project("{FAE04EC0-301F-11D3-BF4B-00C04F79EFBC}") = "686DP_BE", "686DP_BE\686DP_BE.csproj", "{0370561D-7DF9-4A72-870E-397E65EAA97F}"
EndProject
Project("{FAE04EC0-301F-11D3-BF4B-00C04F79EFBC}") = "686DP_BLL", "686DP_BLL\686DP_BLL.csproj", "{BE7379EB-8D9B-4F0F-A0B4-AE3CBA6050F2}"
EndProject
Project("{FAE04EC0-301F-11D3-BF4B-00C04F79EFBC}") = "686DP_DAL", "686DP_Dal\686DP_DAL.csproj", "{6E424721-9E86-4EE5-A443-7DA7952172C1}"
EndProject
Project("{FAE04EC0-301F-11D3-BF4B-00C04F79EFBC}") = "686DP_SERVICIOS", "686DP_SERVICIOS\686DP_SERVICIOS.csproj", "{E2F957F3-0032-4788-915F-F769F8436477}"
EndProject
Project("{FAE04EC0-301F-11D3-BF4B-00C04F79EFBC}") = "686DP_MPP", "686DP_MPP\686DP_MPP.csproj", "{DD70163B-4FB8-4693-94DE-144FE11FB574}"
EndProject
Global
	GlobalSection(SolutionConfigurationPlatforms) = preSolution
		Debug|Any CPU = Debug|Any CPU
		Release|Any CPU = Release|Any CPU
	EndGlobalSection
	GlobalSection(ProjectConfigurationPlatforms) = postSolution
		{AAFDC495-691A-4C30-BEBB-75F6C3FDDA85}.Debug|Any CPU.ActiveCfg = Debug|Any CPU
		{AAFDC495-691A-4C30-BEBB-75F6C3FDDA85}.Debug|Any CPU.Build.0 = Debug|Any CPU
		{AAFDC495-691A-4C30-BEBB-75F6C3FDDA85}.Release|Any CPU.ActiveCfg = Release|Any CPU
		{AAFDC495-691A-4C30-BEBB-75F6C3FDDA85}.Release|Any CPU.Build.0 = Release|Any CPU
		{0370561D-7DF9-4A72-870E-397E65EAA97F}.Debug|Any CPU.ActiveCfg = Debug|Any CPU
		{0370561D-7DF9-4A72-870E-397E65EAA97F}.Debug|Any CPU.Build.0 = Debug|Any CPU
		{0370561D-7DF9-4A72-870E-397E65EAA97F}.Release|Any CPU.ActiveCfg = Release|Any CPU
		{0370561D-7DF9-4A72-870E-397E65EAA97F}.Release|Any CPU.Build.0 = Release|Any CPU
		{BE7379EB-8D9B-4F0F-A0B4-AE3CBA6050F2}.Debug|Any CPU.ActiveCfg = Debug|Any CPU
		{BE7379EB-8D9B-4F0F-A0B4-AE3CBA6050F2}.Debug|Any CPU.Build.0 = Debug|Any CPU
		{BE7379EB-8D9B-4F0F-A0B4-AE3CBA6050F2}.Release|Any CPU.ActiveCfg = Release|Any CPU
		{BE7379EB-8D9B-4F0F-A0B4-AE3CBA6050F2}.Release|Any CPU.Build.0 = Release|Any CPU
		{6E424721-9E86-4EE5-A443-7DA7952172C1}.Debug|Any CPU.ActiveCfg = Debug|Any CPU
		{6E424721-9E86-4EE5-A443-7DA7952172C1}.Debug|Any CPU.Build.0 = Debug|Any CPU
		{6E424721-9E86-4EE5-A443-7DA7952172C1}.Release|Any CPU.ActiveCfg = Release|Any CPU
		{6E424721-9E86-4EE5-A443-7DA7952172C1}.Release|Any CPU.Build.0 = Release|Any CPU
		{E2F957F3-0032-4788-915F-F769F8436477}.Debug|Any CPU.ActiveCfg = Debug|Any CPU
		{E2F957F3-0032-4788-915F-F769F8436477}.Debug|Any CPU.Build.0 = Debug|Any CPU
		{E2F957F3-0032-4788-915F-F769F8436477}.Release|Any CPU.ActiveCfg = Release|Any CPU
		{E2F957F3-0032-4788-915F-F769F8436477}.Release|Any CPU.Build.0 = Release|Any CPU
		{DD70163B-4FB8-4693-94DE-144FE11FB574}.Debug|Any CPU.ActiveCfg = Debug|Any CPU
		{DD70163B-4FB8-4693-94DE-144FE11FB574}.Debug|Any CPU.Build.0 = Debug|Any CPU
		{DD70163B-4FB8-4693-94DE-144FE11FB574}.Release|Any CPU.ActiveCfg = Release|Any CPU
		{DD70163B-4FB8-4693-94DE-144FE11FB574}.Release|Any CPU.Build.0 = Release|Any CPU
	EndGlobalSection
	GlobalSection(SolutionProperties) = preSolution
		HideSolutionNode = FALSE
	EndGlobalSection
	GlobalSection(ExtensibilityGlobals) = postSolution
		SolutionGuid = {1CAB2261-6AAB-4668-B555-753EA3543FC4}
	EndGlobalSection
EndGlobal
